
Microsoft Visual Studio Solution File, Format Version 12.00
# Visual Studio Version 17
VisualStudioVersion = 17.9.34902.65
MinimumVisualStudioVersion = 10.0.40219.1
Project("{FAE04EC0-301F-11D3-BF4B-00C04F79EFBC}") = "triangleTypeIdentifier", "triangleTypeIdentifier\triangleTypeIdentifier.csproj", "{DE2BEBC2-04E3-4FB8-9418-3AF95B410402}"
EndProject
Global
	GlobalSection(SolutionConfigurationPlatforms) = preSolution
		Debug|Any CPU = Debug|Any CPU
		Release|Any CPU = Release|Any CPU
	EndGlobalSection
	GlobalSection(ProjectConfigurationPlatforms) = postSolution
		{DE2BEBC2-04E3-4FB8-9418-3AF95B410402}.Debug|Any CPU.ActiveCfg = Debug|Any CPU
		{DE2BEBC2-04E3-4FB8-9418-3AF95B410402}.Debug|Any CPU.Build.0 = Debug|Any CPU
		{DE2BEBC2-04E3-4FB8-9418-3AF95B410402}.Release|Any CPU.ActiveCfg = Release|Any CPU
		{DE2BEBC2-04E3-4FB8-9418-3AF95B410402}.Release|Any CPU.Build.0 = Release|Any CPU
	EndGlobalSection
	GlobalSection(SolutionProperties) = preSolution
		HideSolutionNode = FALSE
	EndGlobalSection
	GlobalSection(ExtensibilityGlobals) = postSolution
		SolutionGuid = {9F77213E-ED8C-4955-BD33-B1144CC10F73}
	EndGlobalSection
EndGlobal
